
Microsoft Visual Studio Solution File, Format Version 11.00
# Visual Studio 2010
Project("{FAE04EC0-301F-11D3-BF4B-00C04F79EFBC}") = "UnityEngine.TestRunner", "UnityEngine.TestRunner.csproj", "{7934F89A-2578-1C3D-FA2A-9A4E8207CC25}"
EndProject
Project("{FAE04EC0-301F-11D3-BF4B-00C04F79EFBC}") = "UnityEngine.UI", "UnityEngine.UI.csproj", "{695236EF-6A5C-2F11-08B3-4923F44DDCBE}"
EndProject
Project("{FAE04EC0-301F-11D3-BF4B-00C04F79EFBC}") = "Unity.TextMeshPro", "Unity.TextMeshPro.csproj", "{C1B9D36D-297F-0905-8588-4B39F6CD5C21}"
EndProject
Project("{FAE04EC0-301F-11D3-BF4B-00C04F79EFBC}") = "Unity.Timeline", "Unity.Timeline.csproj", "{5A55F9A8-AA93-DAD7-5275-6719E3873BE2}"
EndProject
Project("{FAE04EC0-301F-11D3-BF4B-00C04F79EFBC}") = "Assembly-CSharp", "Assembly-CSharp.csproj", "{E9B69F34-0F96-2FC1-C987-1C6D55B345D8}"
EndProject
Project("{FAE04EC0-301F-11D3-BF4B-00C04F79EFBC}") = "UnityEditor.TestRunner", "UnityEditor.TestRunner.csproj", "{4EC3FEBC-4A0E-B6C0-20B5-7C6AA614ED06}"
EndProject
Project("{FAE04EC0-301F-11D3-BF4B-00C04F79EFBC}") = "Unity.TextMeshPro.Editor", "Unity.TextMeshPro.Editor.csproj", "{1592715D-796C-2695-6D5F-2CD562616F0A}"
EndProject
Project("{FAE04EC0-301F-11D3-BF4B-00C04F79EFBC}") = "Unity.Timeline.Editor", "Unity.Timeline.Editor.csproj", "{7EA0A332-24A4-E6E9-3D7E-A5965B4570B7}"
EndProject
Project("{FAE04EC0-301F-11D3-BF4B-00C04F79EFBC}") = "UnityEditor.UI", "UnityEditor.UI.csproj", "{84297C53-4D76-B38E-A8BC-424C36495C6D}"
EndProject
Project("{FAE04EC0-301F-11D3-BF4B-00C04F79EFBC}") = "Unity.Rider.Editor", "Unity.Rider.Editor.csproj", "{1E450207-998F-C5C3-C04D-0DD6896119AC}"
EndProject
Project("{FAE04EC0-301F-11D3-BF4B-00C04F79EFBC}") = "Unity.CollabProxy.Editor", "Unity.CollabProxy.Editor.csproj", "{32851365-8CAB-5296-B671-49959EBBD269}"
EndProject
Project("{FAE04EC0-301F-11D3-BF4B-00C04F79EFBC}") = "Unity.VSCode.Editor", "Unity.VSCode.Editor.csproj", "{17EE0876-9A6A-D016-5FB9-989C9787A942}"
EndProject
Global
	GlobalSection(SolutionConfigurationPlatforms) = preSolution
		Debug|Any CPU = Debug|Any CPU
		Release|Any CPU = Release|Any CPU
	EndGlobalSection
	GlobalSection(ProjectConfigurationPlatforms) = postSolution
		{7934F89A-2578-1C3D-FA2A-9A4E8207CC25}.Debug|Any CPU.ActiveCfg = Debug|Any CPU
		{7934F89A-2578-1C3D-FA2A-9A4E8207CC25}.Debug|Any CPU.Build.0 = Debug|Any CPU
		{7934F89A-2578-1C3D-FA2A-9A4E8207CC25}.Release|Any CPU.ActiveCfg = Release|Any CPU
		{7934F89A-2578-1C3D-FA2A-9A4E8207CC25}.Release|Any CPU.Build.0 = Release|Any CPU
		{695236EF-6A5C-2F11-08B3-4923F44DDCBE}.Debug|Any CPU.ActiveCfg = Debug|Any CPU
		{695236EF-6A5C-2F11-08B3-4923F44DDCBE}.Debug|Any CPU.Build.0 = Debug|Any CPU
		{695236EF-6A5C-2F11-08B3-4923F44DDCBE}.Release|Any CPU.ActiveCfg = Release|Any CPU
		{695236EF-6A5C-2F11-08B3-4923F44DDCBE}.Release|Any CPU.Build.0 = Release|Any CPU
		{C1B9D36D-297F-0905-8588-4B39F6CD5C21}.Debug|Any CPU.ActiveCfg = Debug|Any CPU
		{C1B9D36D-297F-0905-8588-4B39F6CD5C21}.Debug|Any CPU.Build.0 = Debug|Any CPU
		{C1B9D36D-297F-0905-8588-4B39F6CD5C21}.Release|Any CPU.ActiveCfg = Release|Any CPU
		{C1B9D36D-297F-0905-8588-4B39F6CD5C21}.Release|Any CPU.Build.0 = Release|Any CPU
		{5A55F9A8-AA93-DAD7-5275-6719E3873BE2}.Debug|Any CPU.ActiveCfg = Debug|Any CPU
		{5A55F9A8-AA93-DAD7-5275-6719E3873BE2}.Debug|Any CPU.Build.0 = Debug|Any CPU
		{5A55F9A8-AA93-DAD7-5275-6719E3873BE2}.Release|Any CPU.ActiveCfg = Release|Any CPU
		{5A55F9A8-AA93-DAD7-5275-6719E3873BE2}.Release|Any CPU.Build.0 = Release|Any CPU
		{E9B69F34-0F96-2FC1-C987-1C6D55B345D8}.Debug|Any CPU.ActiveCfg = Debug|Any CPU
		{E9B69F34-0F96-2FC1-C987-1C6D55B345D8}.Debug|Any CPU.Build.0 = Debug|Any CPU
		{E9B69F34-0F96-2FC1-C987-1C6D55B345D8}.Release|Any CPU.ActiveCfg = Release|Any CPU
		{E9B69F34-0F96-2FC1-C987-1C6D55B345D8}.Release|Any CPU.Build.0 = Release|Any CPU
		{4EC3FEBC-4A0E-B6C0-20B5-7C6AA614ED06}.Debug|Any CPU.ActiveCfg = Debug|Any CPU
		{4EC3FEBC-4A0E-B6C0-20B5-7C6AA614ED06}.Debug|Any CPU.Build.0 = Debug|Any CPU
		{4EC3FEBC-4A0E-B6C0-20B5-7C6AA614ED06}.Release|Any CPU.ActiveCfg = Release|Any CPU
		{4EC3FEBC-4A0E-B6C0-20B5-7C6AA614ED06}.Release|Any CPU.Build.0 = Release|Any CPU
		{1592715D-796C-2695-6D5F-2CD562616F0A}.Debug|Any CPU.ActiveCfg = Debug|Any CPU
		{1592715D-796C-2695-6D5F-2CD562616F0A}.Debug|Any CPU.Build.0 = Debug|Any CPU
		{1592715D-796C-2695-6D5F-2CD562616F0A}.Release|Any CPU.ActiveCfg = Release|Any CPU
		{1592715D-796C-2695-6D5F-2CD562616F0A}.Release|Any CPU.Build.0 = Release|Any CPU
		{7EA0A332-24A4-E6E9-3D7E-A5965B4570B7}.Debug|Any CPU.ActiveCfg = Debug|Any CPU
		{7EA0A332-24A4-E6E9-3D7E-A5965B4570B7}.Debug|Any CPU.Build.0 = Debug|Any CPU
		{7EA0A332-24A4-E6E9-3D7E-A5965B4570B7}.Release|Any CPU.ActiveCfg = Release|Any CPU
		{7EA0A332-24A4-E6E9-3D7E-A5965B4570B7}.Release|Any CPU.Build.0 = Release|Any CPU
		{84297C53-4D76-B38E-A8BC-424C36495C6D}.Debug|Any CPU.ActiveCfg = Debug|Any CPU
		{84297C53-4D76-B38E-A8BC-424C36495C6D}.Debug|Any CPU.Build.0 = Debug|Any CPU
		{84297C53-4D76-B38E-A8BC-424C36495C6D}.Release|Any CPU.ActiveCfg = Release|Any CPU
		{84297C53-4D76-B38E-A8BC-424C36495C6D}.Release|Any CPU.Build.0 = Release|Any CPU
		{1E450207-998F-C5C3-C04D-0DD6896119AC}.Debug|Any CPU.ActiveCfg = Debug|Any CPU
		{1E450207-998F-C5C3-C04D-0DD6896119AC}.Debug|Any CPU.Build.0 = Debug|Any CPU
		{1E450207-998F-C5C3-C04D-0DD6896119AC}.Release|Any CPU.ActiveCfg = Release|Any CPU
		{1E450207-998F-C5C3-C04D-0DD6896119AC}.Release|Any CPU.Build.0 = Release|Any CPU
		{32851365-8CAB-5296-B671-49959EBBD269}.Debug|Any CPU.ActiveCfg = Debug|Any CPU
		{32851365-8CAB-5296-B671-49959EBBD269}.Debug|Any CPU.Build.0 = Debug|Any CPU
		{32851365-8CAB-5296-B671-49959EBBD269}.Release|Any CPU.ActiveCfg = Release|Any CPU
		{32851365-8CAB-5296-B671-49959EBBD269}.Release|Any CPU.Build.0 = Release|Any CPU
		{17EE0876-9A6A-D016-5FB9-989C9787A942}.Debug|Any CPU.ActiveCfg = Debug|Any CPU
		{17EE0876-9A6A-D016-5FB9-989C9787A942}.Debug|Any CPU.Build.0 = Debug|Any CPU
		{17EE0876-9A6A-D016-5FB9-989C9787A942}.Release|Any CPU.ActiveCfg = Release|Any CPU
		{17EE0876-9A6A-D016-5FB9-989C9787A942}.Release|Any CPU.Build.0 = Release|Any CPU
	EndGlobalSection
	GlobalSection(SolutionProperties) = preSolution
		HideSolutionNode = FALSE
	EndGlobalSection
EndGlobal
